hash: 8349e54ba2227c06fbb615c85c45e9a48f2b7c5e1c304d8b660e57d48846a790
updated: 2017-03-11T02:51:32.993688821+11:00
imports:
- name: github.com/davecgh/go-spew
  version: 6d212800a42e8ab5c146b8ace3490ee17e5225f9
  subpackages:
  - spew
- name: github.com/go-stack/stack
  version: 100eb0c0a9c5b306ca2fb4f165df21d80ada4b82
- name: github.com/golang/protobuf
  version: 1f49d83d9aa00e6ce4fc8258c71cc7786aec968a
  subpackages:
  - proto
- name: github.com/golang/snappy
  version: d9eb7a3d35ec988b8585d4a0068e462c27d28380
- name: github.com/jmhodges/levigo
  version: c42d9e0ca023e2198120196f842701bb4c55d7b9
- name: github.com/mattn/go-colorable
  version: ed8eb9e318d7a84ce5915b495b7d35e0cfe7b5a8
- name: github.com/mattn/go-isatty
  version: 66b8e73f3f5cda9f96b69efd03dd3d7fc4a5cdb8
- name: github.com/syndtr/goleveldb
  version: 6ae1797c0b42b9323fc27ff7dcf568df88f2f33d
  subpackages:
  - leveldb
  - leveldb/cache
  - leveldb/comparer
  - leveldb/errors
  - leveldb/filter
  - leveldb/iterator
  - leveldb/journal
  - leveldb/memdb
  - leveldb/opt
  - leveldb/storage
  - leveldb/table
  - leveldb/util
- name: github.com/tendermint/abci
  version: 1236e8fb6eee3a63909f4014a8e84385ead7933d
  subpackages:
  - client
  - server
  - types
- name: github.com/tendermint/go-common
  version: dcb015dff6c7af21e65c8e2f3b450df19d38c777
- name: github.com/tendermint/go-db
  version: eac3f2bc147023957c8bf69432a4e6c4dc5c3f72
- name: github.com/tendermint/go-logger
  version: cefb3a45c0bf3c493a04e9bcd9b1540528be59f2
- name: github.com/tendermint/go-merkle
  version: 714d4d04557fd068a7c2a1748241ce8428015a96
- name: github.com/tendermint/go-wire
  version: 2f3b7aafe21c80b19b6ee3210ecb3e3d07c7a471
- name: github.com/tendermint/log15
  version: 9545b249b3aacafa97f79e0838b02b274adc6f5f
  subpackages:
  - term
- name: github.com/urfave/cli
  version: b4f4786f378c0c1d3336b5bb798094b166edf5a9
- name: golang.org/x/crypto
  version: aa2481cbfe81d911eb62b642b7a6b5ec58bbea71
  subpackages:
  - ripemd160
- name: golang.org/x/net
  version: cfe3c2a7525b50c3d707256e371c90938cfef98a
  subpackages:
  - context
  - http2
  - http2/hpack
  - internal/timeseries
  - lex/httplex
  - trace
- name: golang.org/x/sys
  version: 30de6d19a3bd89a5f38ae4028e23aaa5582648af
  subpackages:
  - unix
- name: google.golang.org/grpc
  version: 50955793b0183f9de69bd78e2ec251cf20aab121
  subpackages:
  - codes
  - credentials
  - grpclog
  - internal
  - metadata
  - naming
  - peer
  - stats
  - tap
  - transport
testImports: []
